
Microsoft Visual Studio Solution File, Format Version 12.00
# Visual Studio Version 17
VisualStudioVersion = 17.4.33213.308
MinimumVisualStudioVersion = 10.0.40219.1
Project("{FAE04EC0-301F-11D3-BF4B-00C04F79EFBC}") = "Hotel_Booking_System", "Hotel_Booking_System.csproj", "{CFAE286B-A5DD-487E-A89D-46471754233E}"
EndProject
Global
	GlobalSection(SolutionConfigurationPlatforms) = preSolution
		Debug|Any CPU = Debug|Any CPU
		Release|Any CPU = Release|Any CPU
	EndGlobalSection
	GlobalSection(ProjectConfigurationPlatforms) = postSolution
		{CFAE286B-A5DD-487E-A89D-46471754233E}.Debug|Any CPU.ActiveCfg = Debug|Any CPU
		{CFAE286B-A5DD-487E-A89D-46471754233E}.Debug|Any CPU.Build.0 = Debug|Any CPU
		{CFAE286B-A5DD-487E-A89D-46471754233E}.Release|Any CPU.ActiveCfg = Release|Any CPU
		{CFAE286B-A5DD-487E-A89D-46471754233E}.Release|Any CPU.Build.0 = Release|Any CPU
	EndGlobalSection
	GlobalSection(SolutionProperties) = preSolution
		HideSolutionNode = FALSE
	EndGlobalSection
	GlobalSection(ExtensibilityGlobals) = postSolution
		SolutionGuid = {8F56F519-E2AF-406E-AC00-5510F2F7709C}
	EndGlobalSection
EndGlobal
